Microsoft Visual Studio Solution File, Format Version 12.00
Project("{9A19103F-16F7-4668-BE54-9A1E7A4F7556}") = "Benchmark", "Benchmark.csproj", "{D6A88672-F34D-4FFB-90CF-7E5DEE6388CA}"
EndProject
Global
	GlobalSection(SolutionConfigurationPlatforms) = preSolution
		Debug|Any CPU = Debug|Any CPU
		Release|Any CPU = Release|Any CPU
	EndGlobalSection
	GlobalSection(ProjectConfigurationPlatforms) = postSolution
		{D6A88672-F34D-4FFB-90CF-7E5DEE6388CA}.Debug|Any CPU.ActiveCfg = Debug|Any CPU
		{D6A88672-F34D-4FFB-90CF-7E5DEE6388CA}.Debug|Any CPU.Build.0 = Debug|Any CPU
		{D6A88672-F34D-4FFB-90CF-7E5DEE6388CA}.Release|Any CPU.ActiveCfg = Release|Any CPU
		{D6A88672-F34D-4FFB-90CF-7E5DEE6388CA}.Release|Any CPU.Build.0 = Release|Any CPU
	EndGlobalSection
	GlobalSection(SolutionProperties) = preSolution
		HideSolutionNode = FALSE
	EndGlobalSection
	GlobalSection(ExtensibilityGlobals) = postSolution
		SolutionGuid = {7203AA09-1B4E-40A3-A801-2CFDB49BEEAB}
	EndGlobalSection
EndGlobal
