Microsoft Visual Studio Solution File, Format Version 12.00
Project("{9A19103F-16F7-4668-BE54-9A1E7A4F7556}") = "PropertyInitializationBenchmark", "PropertyInitializationBenchmark.csproj", "{F25F4019-FF7A-426D-A14F-02BE7249AABB}"
EndProject
Global
	GlobalSection(SolutionConfigurationPlatforms) = preSolution
		Debug|Any CPU = Debug|Any CPU
		Release|Any CPU = Release|Any CPU
	EndGlobalSection
	GlobalSection(ProjectConfigurationPlatforms) = postSolution
		{F25F4019-FF7A-426D-A14F-02BE7249AABB}.Debug|Any CPU.ActiveCfg = Debug|Any CPU
		{F25F4019-FF7A-426D-A14F-02BE7249AABB}.Debug|Any CPU.Build.0 = Debug|Any CPU
		{F25F4019-FF7A-426D-A14F-02BE7249AABB}.Release|Any CPU.ActiveCfg = Release|Any CPU
		{F25F4019-FF7A-426D-A14F-02BE7249AABB}.Release|Any CPU.Build.0 = Release|Any CPU
	EndGlobalSection
	GlobalSection(SolutionProperties) = preSolution
		HideSolutionNode = FALSE
	EndGlobalSection
	GlobalSection(ExtensibilityGlobals) = postSolution
		SolutionGuid = {E0D75E6E-CD20-4B54-A24F-2A82494B0CB8}
	EndGlobalSection
EndGlobal
