
Microsoft Visual Studio Solution File, Format Version 12.00
# Visual Studio Version 17
VisualStudioVersion = 17.0.31521.260
MinimumVisualStudioVersion = 10.0.40219.1
Project("{9A19103F-16F7-4668-BE54-9A1E7A4F7556}") = "ReverseString", "ReverseString.csproj", "{37D7C5B8-4059-4754-A5C6-55DC61E3C318}"
EndProject
Global
	GlobalSection(SolutionConfigurationPlatforms) = preSolution
		Debug|Any CPU = Debug|Any CPU
		Release|Any CPU = Release|Any CPU
	EndGlobalSection
	GlobalSection(ProjectConfigurationPlatforms) = postSolution
		{37D7C5B8-4059-4754-A5C6-55DC61E3C318}.Debug|Any CPU.ActiveCfg = Debug|Any CPU
		{37D7C5B8-4059-4754-A5C6-55DC61E3C318}.Debug|Any CPU.Build.0 = Debug|Any CPU
		{37D7C5B8-4059-4754-A5C6-55DC61E3C318}.Release|Any CPU.ActiveCfg = Release|Any CPU
		{37D7C5B8-4059-4754-A5C6-55DC61E3C318}.Release|Any CPU.Build.0 = Release|Any CPU
	EndGlobalSection
	GlobalSection(SolutionProperties) = preSolution
		HideSolutionNode = FALSE
	EndGlobalSection
	GlobalSection(ExtensibilityGlobals) = postSolution
		SolutionGuid = {004B6667-EF43-46A7-A258-541F9D3FDC1B}
	EndGlobalSection
EndGlobal
