Microsoft Visual Studio Solution File, Format Version 12.00
Project("{9A19103F-16F7-4668-BE54-9A1E7A4F7556}") = "Benchmark", "Benchmark.csproj", "{2AFA9567-7824-41DB-8EEA-D2FFF908E8BF}"
EndProject
Global
	GlobalSection(SolutionConfigurationPlatforms) = preSolution
		Debug|Any CPU = Debug|Any CPU
		Release|Any CPU = Release|Any CPU
	EndGlobalSection
	GlobalSection(ProjectConfigurationPlatforms) = postSolution
		{2AFA9567-7824-41DB-8EEA-D2FFF908E8BF}.Debug|Any CPU.ActiveCfg = Debug|Any CPU
		{2AFA9567-7824-41DB-8EEA-D2FFF908E8BF}.Debug|Any CPU.Build.0 = Debug|Any CPU
		{2AFA9567-7824-41DB-8EEA-D2FFF908E8BF}.Release|Any CPU.ActiveCfg = Release|Any CPU
		{2AFA9567-7824-41DB-8EEA-D2FFF908E8BF}.Release|Any CPU.Build.0 = Release|Any CPU
	EndGlobalSection
	GlobalSection(SolutionProperties) = preSolution
		HideSolutionNode = FALSE
	EndGlobalSection
	GlobalSection(ExtensibilityGlobals) = postSolution
		SolutionGuid = {406A7B9A-C972-4717-ACA6-453C2A718076}
	EndGlobalSection
EndGlobal
