
Microsoft Visual Studio Solution File, Format Version 12.00
# Visual Studio Version 17
VisualStudioVersion = 17.3.32611.2
MinimumVisualStudioVersion = 10.0.40219.1
Project("{9A19103F-16F7-4668-BE54-9A1E7A4F7556}") = "Benchmark", "Benchmark.csproj", "{817CCAE0-48F5-4810-BCF0-A35B609BDBC9}"
EndProject
Global
	GlobalSection(SolutionConfigurationPlatforms) = preSolution
		Debug|Any CPU = Debug|Any CPU
		Release|Any CPU = Release|Any CPU
	EndGlobalSection
	GlobalSection(ProjectConfigurationPlatforms) = postSolution
		{817CCAE0-48F5-4810-BCF0-A35B609BDBC9}.Debug|Any CPU.ActiveCfg = Debug|Any CPU
		{817CCAE0-48F5-4810-BCF0-A35B609BDBC9}.Debug|Any CPU.Build.0 = Debug|Any CPU
		{817CCAE0-48F5-4810-BCF0-A35B609BDBC9}.Release|Any CPU.ActiveCfg = Release|Any CPU
		{817CCAE0-48F5-4810-BCF0-A35B609BDBC9}.Release|Any CPU.Build.0 = Release|Any CPU
	EndGlobalSection
	GlobalSection(SolutionProperties) = preSolution
		HideSolutionNode = FALSE
	EndGlobalSection
	GlobalSection(ExtensibilityGlobals) = postSolution
		SolutionGuid = {D35EBD94-9BA1-4659-8575-DE57141B70DB}
	EndGlobalSection
EndGlobal
