
Microsoft Visual Studio Solution File, Format Version 12.00
# Visual Studio Version 17
VisualStudioVersion = 17.9.34701.34
MinimumVisualStudioVersion = 10.0.40219.1
Project("{9A19103F-16F7-4668-BE54-9A1E7A4F7556}") = "Benchmark", "Benchmark.csproj", "{14AF0AA5-D3E2-4813-807E-EC986C960220}"
EndProject
Global
	GlobalSection(SolutionConfigurationPlatforms) = preSolution
		Debug|Any CPU = Debug|Any CPU
		Release|Any CPU = Release|Any CPU
	EndGlobalSection
	GlobalSection(ProjectConfigurationPlatforms) = postSolution
		{14AF0AA5-D3E2-4813-807E-EC986C960220}.Debug|Any CPU.ActiveCfg = Debug|Any CPU
		{14AF0AA5-D3E2-4813-807E-EC986C960220}.Debug|Any CPU.Build.0 = Debug|Any CPU
		{14AF0AA5-D3E2-4813-807E-EC986C960220}.Release|Any CPU.ActiveCfg = Release|Any CPU
		{14AF0AA5-D3E2-4813-807E-EC986C960220}.Release|Any CPU.Build.0 = Release|Any CPU
	EndGlobalSection
	GlobalSection(SolutionProperties) = preSolution
		HideSolutionNode = FALSE
	EndGlobalSection
	GlobalSection(ExtensibilityGlobals) = postSolution
		SolutionGuid = {5E9C0B00-54FC-4BB0-9327-1B548E7FE16D}
	EndGlobalSection
EndGlobal
