Microsoft Visual Studio Solution File, Format Version 12.00
Project("{9A19103F-16F7-4668-BE54-9A1E7A4F7556}") = "Benchmark", "Benchmark.csproj", "{0BDFB6C8-57E0-47EF-ACA6-350A0C21D8A0}"
EndProject
Global
	GlobalSection(SolutionConfigurationPlatforms) = preSolution
		Debug|Any CPU = Debug|Any CPU
		Release|Any CPU = Release|Any CPU
	EndGlobalSection
	GlobalSection(ProjectConfigurationPlatforms) = postSolution
		{0BDFB6C8-57E0-47EF-ACA6-350A0C21D8A0}.Debug|Any CPU.ActiveCfg = Debug|Any CPU
		{0BDFB6C8-57E0-47EF-ACA6-350A0C21D8A0}.Debug|Any CPU.Build.0 = Debug|Any CPU
		{0BDFB6C8-57E0-47EF-ACA6-350A0C21D8A0}.Release|Any CPU.ActiveCfg = Release|Any CPU
		{0BDFB6C8-57E0-47EF-ACA6-350A0C21D8A0}.Release|Any CPU.Build.0 = Release|Any CPU
	EndGlobalSection
	GlobalSection(SolutionProperties) = preSolution
		HideSolutionNode = FALSE
	EndGlobalSection
	GlobalSection(ExtensibilityGlobals) = postSolution
		SolutionGuid = {66F03341-9D85-497B-9A33-A078BE76F1DF}
	EndGlobalSection
EndGlobal
