Microsoft Visual Studio Solution File, Format Version 12.00
Project("{9A19103F-16F7-4668-BE54-9A1E7A4F7556}") = "CountDigitsBenchmark", "CountDigitsBenchmark.csproj", "{A1471A2E-17B7-4AFF-A477-6D8381B4962E}"
EndProject
Global
	GlobalSection(SolutionConfigurationPlatforms) = preSolution
		Debug|Any CPU = Debug|Any CPU
		Release|Any CPU = Release|Any CPU
	EndGlobalSection
	GlobalSection(ProjectConfigurationPlatforms) = postSolution
		{A1471A2E-17B7-4AFF-A477-6D8381B4962E}.Debug|Any CPU.ActiveCfg = Debug|Any CPU
		{A1471A2E-17B7-4AFF-A477-6D8381B4962E}.Debug|Any CPU.Build.0 = Debug|Any CPU
		{A1471A2E-17B7-4AFF-A477-6D8381B4962E}.Release|Any CPU.ActiveCfg = Release|Any CPU
		{A1471A2E-17B7-4AFF-A477-6D8381B4962E}.Release|Any CPU.Build.0 = Release|Any CPU
	EndGlobalSection
	GlobalSection(SolutionProperties) = preSolution
		HideSolutionNode = FALSE
	EndGlobalSection
	GlobalSection(ExtensibilityGlobals) = postSolution
		SolutionGuid = {7D649AE4-8608-4ECE-838B-1289838FB38D}
	EndGlobalSection
EndGlobal
