
Microsoft Visual Studio Solution File, Format Version 12.00
# Visual Studio Version 17
VisualStudioVersion = 17.0.31903.59
MinimumVisualStudioVersion = 10.0.40219.1
Project("{FAE04EC0-301F-11D3-BF4B-00C04F79EFBC}") = "LargeFileReadBufferSizes", "LargeFileReadBufferSizes.csproj", "{CE6A4383-FD04-4F4F-B509-86B9B60740FB}"
EndProject
Global
	GlobalSection(SolutionConfigurationPlatforms) = preSolution
		Debug|Any CPU = Debug|Any CPU
		Debug|x64 = Debug|x64
		Debug|x86 = Debug|x86
		Release|Any CPU = Release|Any CPU
		Release|x64 = Release|x64
		Release|x86 = Release|x86
	EndGlobalSection
	GlobalSection(ProjectConfigurationPlatforms) = postSolution
		{CE6A4383-FD04-4F4F-B509-86B9B60740FB}.Debug|Any CPU.ActiveCfg = Debug|Any CPU
		{CE6A4383-FD04-4F4F-B509-86B9B60740FB}.Debug|Any CPU.Build.0 = Debug|Any CPU
		{CE6A4383-FD04-4F4F-B509-86B9B60740FB}.Debug|x64.ActiveCfg = Debug|Any CPU
		{CE6A4383-FD04-4F4F-B509-86B9B60740FB}.Debug|x64.Build.0 = Debug|Any CPU
		{CE6A4383-FD04-4F4F-B509-86B9B60740FB}.Debug|x86.ActiveCfg = Debug|Any CPU
		{CE6A4383-FD04-4F4F-B509-86B9B60740FB}.Debug|x86.Build.0 = Debug|Any CPU
		{CE6A4383-FD04-4F4F-B509-86B9B60740FB}.Release|Any CPU.ActiveCfg = Release|Any CPU
		{CE6A4383-FD04-4F4F-B509-86B9B60740FB}.Release|Any CPU.Build.0 = Release|Any CPU
		{CE6A4383-FD04-4F4F-B509-86B9B60740FB}.Release|x64.ActiveCfg = Release|Any CPU
		{CE6A4383-FD04-4F4F-B509-86B9B60740FB}.Release|x64.Build.0 = Release|Any CPU
		{CE6A4383-FD04-4F4F-B509-86B9B60740FB}.Release|x86.ActiveCfg = Release|Any CPU
		{CE6A4383-FD04-4F4F-B509-86B9B60740FB}.Release|x86.Build.0 = Release|Any CPU
	EndGlobalSection
	GlobalSection(SolutionProperties) = preSolution
		HideSolutionNode = FALSE
	EndGlobalSection
EndGlobal
