
Microsoft Visual Studio Solution File, Format Version 12.00
# Visual Studio Version 17
VisualStudioVersion = 17.0.31903.59
MinimumVisualStudioVersion = 10.0.40219.1
Project("{FAE04EC0-301F-11D3-BF4B-00C04F79EFBC}") = "Benchmark", "Benchmark.csproj", "{ECC2EB4D-4177-4BA4-A78B-8D4B8EF7743D}"
EndProject
Global
	GlobalSection(SolutionConfigurationPlatforms) = preSolution
		Debug|Any CPU = Debug|Any CPU
		Release|Any CPU = Release|Any CPU
	EndGlobalSection
	GlobalSection(SolutionProperties) = preSolution
		HideSolutionNode = FALSE
	EndGlobalSection
	GlobalSection(ProjectConfigurationPlatforms) = postSolution
		{ECC2EB4D-4177-4BA4-A78B-8D4B8EF7743D}.Debug|Any CPU.ActiveCfg = Debug|Any CPU
		{ECC2EB4D-4177-4BA4-A78B-8D4B8EF7743D}.Debug|Any CPU.Build.0 = Debug|Any CPU
		{ECC2EB4D-4177-4BA4-A78B-8D4B8EF7743D}.Release|Any CPU.ActiveCfg = Release|Any CPU
		{ECC2EB4D-4177-4BA4-A78B-8D4B8EF7743D}.Release|Any CPU.Build.0 = Release|Any CPU
	EndGlobalSection
EndGlobal
