
Microsoft Visual Studio Solution File, Format Version 12.00
# Visual Studio Version 17
VisualStudioVersion = 17.1.31911.260
MinimumVisualStudioVersion = 10.0.40219.1
Project("{9A19103F-16F7-4668-BE54-9A1E7A4F7556}") = "Benchmark", "Benchmark.csproj", "{BDF56B6A-9C23-45E7-8BC5-B0729A952C8E}"
EndProject
Global
	GlobalSection(SolutionConfigurationPlatforms) = preSolution
		Debug|Any CPU = Debug|Any CPU
		Release|Any CPU = Release|Any CPU
	EndGlobalSection
	GlobalSection(ProjectConfigurationPlatforms) = postSolution
		{BDF56B6A-9C23-45E7-8BC5-B0729A952C8E}.Debug|Any CPU.ActiveCfg = Debug|Any CPU
		{BDF56B6A-9C23-45E7-8BC5-B0729A952C8E}.Debug|Any CPU.Build.0 = Debug|Any CPU
		{BDF56B6A-9C23-45E7-8BC5-B0729A952C8E}.Release|Any CPU.ActiveCfg = Release|Any CPU
		{BDF56B6A-9C23-45E7-8BC5-B0729A952C8E}.Release|Any CPU.Build.0 = Release|Any CPU
	EndGlobalSection
	GlobalSection(SolutionProperties) = preSolution
		HideSolutionNode = FALSE
	EndGlobalSection
	GlobalSection(ExtensibilityGlobals) = postSolution
		SolutionGuid = {0AF59BE3-99B0-4E38-8B2F-D37C425DA6B5}
	EndGlobalSection
EndGlobal
