Microsoft Visual Studio Solution File, Format Version 12.00
Project("{9A19103F-16F7-4668-BE54-9A1E7A4F7556}") = "Benchmark", "Benchmark.csproj", "{909DBB18-5668-4369-9BC3-A5C0504F078E}"
EndProject
Global
	GlobalSection(SolutionConfigurationPlatforms) = preSolution
		Debug|Any CPU = Debug|Any CPU
		Release|Any CPU = Release|Any CPU
	EndGlobalSection
	GlobalSection(ProjectConfigurationPlatforms) = postSolution
		{909DBB18-5668-4369-9BC3-A5C0504F078E}.Debug|Any CPU.ActiveCfg = Debug|Any CPU
		{909DBB18-5668-4369-9BC3-A5C0504F078E}.Debug|Any CPU.Build.0 = Debug|Any CPU
		{909DBB18-5668-4369-9BC3-A5C0504F078E}.Release|Any CPU.ActiveCfg = Release|Any CPU
		{909DBB18-5668-4369-9BC3-A5C0504F078E}.Release|Any CPU.Build.0 = Release|Any CPU
	EndGlobalSection
	GlobalSection(SolutionProperties) = preSolution
		HideSolutionNode = FALSE
	EndGlobalSection
	GlobalSection(ExtensibilityGlobals) = postSolution
		SolutionGuid = {AB13A22A-3454-4038-8791-5152BF0603FA}
	EndGlobalSection
EndGlobal
