
Microsoft Visual Studio Solution File, Format Version 12.00
# Visual Studio Version 17
VisualStudioVersion = 17.8.34004.107
MinimumVisualStudioVersion = 10.0.40219.1
Project("{9A19103F-16F7-4668-BE54-9A1E7A4F7556}") = "Benchmark", "Benchmark.csproj", "{0117ED91-CDAB-4CEE-B5E8-F13AA9CF7262}"
EndProject
Global
	GlobalSection(SolutionConfigurationPlatforms) = preSolution
		Debug|Any CPU = Debug|Any CPU
		Release|Any CPU = Release|Any CPU
	EndGlobalSection
	GlobalSection(ProjectConfigurationPlatforms) = postSolution
		{0117ED91-CDAB-4CEE-B5E8-F13AA9CF7262}.Debug|Any CPU.ActiveCfg = Debug|Any CPU
		{0117ED91-CDAB-4CEE-B5E8-F13AA9CF7262}.Debug|Any CPU.Build.0 = Debug|Any CPU
		{0117ED91-CDAB-4CEE-B5E8-F13AA9CF7262}.Release|Any CPU.ActiveCfg = Release|Any CPU
		{0117ED91-CDAB-4CEE-B5E8-F13AA9CF7262}.Release|Any CPU.Build.0 = Release|Any CPU
	EndGlobalSection
	GlobalSection(SolutionProperties) = preSolution
		HideSolutionNode = FALSE
	EndGlobalSection
	GlobalSection(ExtensibilityGlobals) = postSolution
		SolutionGuid = {C840780D-BB57-4691-ACC9-A71B570FA2B1}
	EndGlobalSection
EndGlobal
