
Microsoft Visual Studio Solution File, Format Version 12.00
# Visual Studio Version 17
VisualStudioVersion = 17.10.34607.79
MinimumVisualStudioVersion = 10.0.40219.1
Project("{9A19103F-16F7-4668-BE54-9A1E7A4F7556}") = "Benchmark", "Benchmark.csproj", "{8C7D7C3E-FDD7-4334-B4F1-50F961B65D8A}"
EndProject
Global
	GlobalSection(SolutionConfigurationPlatforms) = preSolution
		Debug|Any CPU = Debug|Any CPU
		Release|Any CPU = Release|Any CPU
	EndGlobalSection
	GlobalSection(ProjectConfigurationPlatforms) = postSolution
		{8C7D7C3E-FDD7-4334-B4F1-50F961B65D8A}.Debug|Any CPU.ActiveCfg = Debug|Any CPU
		{8C7D7C3E-FDD7-4334-B4F1-50F961B65D8A}.Debug|Any CPU.Build.0 = Debug|Any CPU
		{8C7D7C3E-FDD7-4334-B4F1-50F961B65D8A}.Release|Any CPU.ActiveCfg = Release|Any CPU
		{8C7D7C3E-FDD7-4334-B4F1-50F961B65D8A}.Release|Any CPU.Build.0 = Release|Any CPU
	EndGlobalSection
	GlobalSection(SolutionProperties) = preSolution
		HideSolutionNode = FALSE
	EndGlobalSection
	GlobalSection(ExtensibilityGlobals) = postSolution
		SolutionGuid = {77A88C68-2211-4ECB-8463-AB595A3C5520}
	EndGlobalSection
EndGlobal
