
Microsoft Visual Studio Solution File, Format Version 12.00
# Visual Studio Version 17
VisualStudioVersion = 17.0.31903.59
MinimumVisualStudioVersion = 10.0.40219.1
Project("{FAE04EC0-301F-11D3-BF4B-00C04F79EFBC}") = "Benchmark", "Benchmark.csproj", "{BD8C4270-FE84-4FAB-972F-95005F2E8AE3}"
EndProject
Global
	GlobalSection(SolutionConfigurationPlatforms) = preSolution
		Debug|Any CPU = Debug|Any CPU
		Release|Any CPU = Release|Any CPU
	EndGlobalSection
	GlobalSection(SolutionProperties) = preSolution
		HideSolutionNode = FALSE
	EndGlobalSection
	GlobalSection(ProjectConfigurationPlatforms) = postSolution
		{BD8C4270-FE84-4FAB-972F-95005F2E8AE3}.Debug|Any CPU.ActiveCfg = Debug|Any CPU
		{BD8C4270-FE84-4FAB-972F-95005F2E8AE3}.Debug|Any CPU.Build.0 = Debug|Any CPU
		{BD8C4270-FE84-4FAB-972F-95005F2E8AE3}.Release|Any CPU.ActiveCfg = Release|Any CPU
		{BD8C4270-FE84-4FAB-972F-95005F2E8AE3}.Release|Any CPU.Build.0 = Release|Any CPU
	EndGlobalSection
EndGlobal
