
Microsoft Visual Studio Solution File, Format Version 12.00
# Visual Studio Version 17
VisualStudioVersion = 17.5.002.0
MinimumVisualStudioVersion = 10.0.40219.1
Project("{9A19103F-16F7-4668-BE54-9A1E7A4F7556}") = "Benchmark", "Benchmark.csproj", "{BED4E791-F610-4141-B796-550151F86A79}"
EndProject
Global
	GlobalSection(SolutionConfigurationPlatforms) = preSolution
		Debug|Any CPU = Debug|Any CPU
		Release|Any CPU = Release|Any CPU
	EndGlobalSection
	GlobalSection(ProjectConfigurationPlatforms) = postSolution
		{BED4E791-F610-4141-B796-550151F86A79}.Debug|Any CPU.ActiveCfg = Debug|Any CPU
		{BED4E791-F610-4141-B796-550151F86A79}.Debug|Any CPU.Build.0 = Debug|Any CPU
		{BED4E791-F610-4141-B796-550151F86A79}.Release|Any CPU.ActiveCfg = Release|Any CPU
		{BED4E791-F610-4141-B796-550151F86A79}.Release|Any CPU.Build.0 = Release|Any CPU
	EndGlobalSection
	GlobalSection(SolutionProperties) = preSolution
		HideSolutionNode = FALSE
	EndGlobalSection
	GlobalSection(ExtensibilityGlobals) = postSolution
		SolutionGuid = {D78361D9-352A-4D63-B943-62D52513E933}
	EndGlobalSection
EndGlobal
