Microsoft Visual Studio Solution File, Format Version 12.00
Project("{9A19103F-16F7-4668-BE54-9A1E7A4F7556}") = "Benchmark", "Benchmark.csproj", "{3E517C67-D8FB-4E6C-AF60-DAB972A95CB8}"
EndProject
Global
	GlobalSection(SolutionConfigurationPlatforms) = preSolution
		Debug|Any CPU = Debug|Any CPU
		Release|Any CPU = Release|Any CPU
	EndGlobalSection
	GlobalSection(ProjectConfigurationPlatforms) = postSolution
		{3E517C67-D8FB-4E6C-AF60-DAB972A95CB8}.Debug|Any CPU.ActiveCfg = Debug|Any CPU
		{3E517C67-D8FB-4E6C-AF60-DAB972A95CB8}.Debug|Any CPU.Build.0 = Debug|Any CPU
		{3E517C67-D8FB-4E6C-AF60-DAB972A95CB8}.Release|Any CPU.ActiveCfg = Release|Any CPU
		{3E517C67-D8FB-4E6C-AF60-DAB972A95CB8}.Release|Any CPU.Build.0 = Release|Any CPU
	EndGlobalSection
	GlobalSection(SolutionProperties) = preSolution
		HideSolutionNode = FALSE
	EndGlobalSection
	GlobalSection(ExtensibilityGlobals) = postSolution
		SolutionGuid = {F7D340B2-DA72-431D-BCA7-B6BE343CACD2}
	EndGlobalSection
EndGlobal
