Microsoft Visual Studio Solution File, Format Version 12.00
Project("{9A19103F-16F7-4668-BE54-9A1E7A4F7556}") = "Benchmark", "Benchmark.csproj", "{5129A60D-7B58-4010-BA07-B0890231C110}"
EndProject
Global
	GlobalSection(SolutionConfigurationPlatforms) = preSolution
		Debug|Any CPU = Debug|Any CPU
		Release|Any CPU = Release|Any CPU
	EndGlobalSection
	GlobalSection(ProjectConfigurationPlatforms) = postSolution
		{5129A60D-7B58-4010-BA07-B0890231C110}.Debug|Any CPU.ActiveCfg = Debug|Any CPU
		{5129A60D-7B58-4010-BA07-B0890231C110}.Debug|Any CPU.Build.0 = Debug|Any CPU
		{5129A60D-7B58-4010-BA07-B0890231C110}.Release|Any CPU.ActiveCfg = Release|Any CPU
		{5129A60D-7B58-4010-BA07-B0890231C110}.Release|Any CPU.Build.0 = Release|Any CPU
	EndGlobalSection
	GlobalSection(SolutionProperties) = preSolution
		HideSolutionNode = FALSE
	EndGlobalSection
	GlobalSection(ExtensibilityGlobals) = postSolution
		SolutionGuid = {A2657E5B-620C-4FB5-983C-3C734796EEC9}
	EndGlobalSection
EndGlobal
