
Microsoft Visual Studio Solution File, Format Version 12.00
# Visual Studio Version 17
VisualStudioVersion = 17.11.34929.205
MinimumVisualStudioVersion = 10.0.40219.1
Project("{9A19103F-16F7-4668-BE54-9A1E7A4F7556}") = "Benchmark", "Benchmark.csproj", "{230594E5-8A3B-46E6-9E9C-CE41BF23B170}"
EndProject
Global
	GlobalSection(SolutionConfigurationPlatforms) = preSolution
		Debug|Any CPU = Debug|Any CPU
		Release|Any CPU = Release|Any CPU
	EndGlobalSection
	GlobalSection(ProjectConfigurationPlatforms) = postSolution
		{230594E5-8A3B-46E6-9E9C-CE41BF23B170}.Debug|Any CPU.ActiveCfg = Debug|Any CPU
		{230594E5-8A3B-46E6-9E9C-CE41BF23B170}.Debug|Any CPU.Build.0 = Debug|Any CPU
		{230594E5-8A3B-46E6-9E9C-CE41BF23B170}.Release|Any CPU.ActiveCfg = Release|Any CPU
		{230594E5-8A3B-46E6-9E9C-CE41BF23B170}.Release|Any CPU.Build.0 = Release|Any CPU
	EndGlobalSection
	GlobalSection(SolutionProperties) = preSolution
		HideSolutionNode = FALSE
	EndGlobalSection
	GlobalSection(ExtensibilityGlobals) = postSolution
		SolutionGuid = {3ADE1098-B188-4EFC-B021-F523FBBD2CAD}
	EndGlobalSection
EndGlobal
