Microsoft Visual Studio Solution File, Format Version 12.00
Project("{9A19103F-16F7-4668-BE54-9A1E7A4F7556}") = "Benchmark", "Benchmark.csproj", "{D39B0B17-B54C-41AA-AAA5-422B522F6DD0}"
EndProject
Global
	GlobalSection(SolutionConfigurationPlatforms) = preSolution
		Debug|Any CPU = Debug|Any CPU
		Release|Any CPU = Release|Any CPU
	EndGlobalSection
	GlobalSection(ProjectConfigurationPlatforms) = postSolution
		{D39B0B17-B54C-41AA-AAA5-422B522F6DD0}.Debug|Any CPU.ActiveCfg = Debug|Any CPU
		{D39B0B17-B54C-41AA-AAA5-422B522F6DD0}.Debug|Any CPU.Build.0 = Debug|Any CPU
		{D39B0B17-B54C-41AA-AAA5-422B522F6DD0}.Release|Any CPU.ActiveCfg = Release|Any CPU
		{D39B0B17-B54C-41AA-AAA5-422B522F6DD0}.Release|Any CPU.Build.0 = Release|Any CPU
	EndGlobalSection
	GlobalSection(SolutionProperties) = preSolution
		HideSolutionNode = FALSE
	EndGlobalSection
	GlobalSection(ExtensibilityGlobals) = postSolution
		SolutionGuid = {114591AF-F1D3-427B-A7B1-1A86B267D572}
	EndGlobalSection
EndGlobal
