Microsoft Visual Studio Solution File, Format Version 12.00
Project("{9A19103F-16F7-4668-BE54-9A1E7A4F7556}") = "Benchmark", "Benchmark.csproj", "{4A866A43-52E6-4553-B362-C69B4045AAB8}"
EndProject
Global
	GlobalSection(SolutionConfigurationPlatforms) = preSolution
		Debug|Any CPU = Debug|Any CPU
		Release|Any CPU = Release|Any CPU
	EndGlobalSection
	GlobalSection(ProjectConfigurationPlatforms) = postSolution
		{4A866A43-52E6-4553-B362-C69B4045AAB8}.Debug|Any CPU.ActiveCfg = Debug|Any CPU
		{4A866A43-52E6-4553-B362-C69B4045AAB8}.Debug|Any CPU.Build.0 = Debug|Any CPU
		{4A866A43-52E6-4553-B362-C69B4045AAB8}.Release|Any CPU.ActiveCfg = Release|Any CPU
		{4A866A43-52E6-4553-B362-C69B4045AAB8}.Release|Any CPU.Build.0 = Release|Any CPU
	EndGlobalSection
	GlobalSection(SolutionProperties) = preSolution
		HideSolutionNode = FALSE
	EndGlobalSection
	GlobalSection(ExtensibilityGlobals) = postSolution
		SolutionGuid = {886BD029-D233-4C59-8442-AD8CD4F3E0E7}
	EndGlobalSection
EndGlobal
