
Microsoft Visual Studio Solution File, Format Version 12.00
# Visual Studio Version 17
VisualStudioVersion = 17.5.002.0
MinimumVisualStudioVersion = 10.0.40219.1
Project("{9A19103F-16F7-4668-BE54-9A1E7A4F7556}") = "Benchmark", "Benchmark.csproj", "{D5840C57-2662-4314-AF4D-AC0B14982DBB}"
EndProject
Global
	GlobalSection(SolutionConfigurationPlatforms) = preSolution
		Debug|Any CPU = Debug|Any CPU
		Release|Any CPU = Release|Any CPU
	EndGlobalSection
	GlobalSection(ProjectConfigurationPlatforms) = postSolution
		{D5840C57-2662-4314-AF4D-AC0B14982DBB}.Debug|Any CPU.ActiveCfg = Debug|Any CPU
		{D5840C57-2662-4314-AF4D-AC0B14982DBB}.Debug|Any CPU.Build.0 = Debug|Any CPU
		{D5840C57-2662-4314-AF4D-AC0B14982DBB}.Release|Any CPU.ActiveCfg = Release|Any CPU
		{D5840C57-2662-4314-AF4D-AC0B14982DBB}.Release|Any CPU.Build.0 = Release|Any CPU
	EndGlobalSection
	GlobalSection(SolutionProperties) = preSolution
		HideSolutionNode = FALSE
	EndGlobalSection
	GlobalSection(ExtensibilityGlobals) = postSolution
		SolutionGuid = {980F4DBE-83ED-46DB-A463-053A966A8E8F}
	EndGlobalSection
EndGlobal
