
Microsoft Visual Studio Solution File, Format Version 12.00
# Visual Studio Version 17
VisualStudioVersion = 17.0.31903.59
MinimumVisualStudioVersion = 10.0.40219.1
Project("{FAE04EC0-301F-11D3-BF4B-00C04F79EFBC}") = "Benchmark", "Benchmark.csproj", "{81A5EA48-3819-4DA6-A71C-0DC777405DDF}"
EndProject
Global
	GlobalSection(SolutionConfigurationPlatforms) = preSolution
		Debug|Any CPU = Debug|Any CPU
		Release|Any CPU = Release|Any CPU
	EndGlobalSection
	GlobalSection(SolutionProperties) = preSolution
		HideSolutionNode = FALSE
	EndGlobalSection
	GlobalSection(ProjectConfigurationPlatforms) = postSolution
		{81A5EA48-3819-4DA6-A71C-0DC777405DDF}.Debug|Any CPU.ActiveCfg = Debug|Any CPU
		{81A5EA48-3819-4DA6-A71C-0DC777405DDF}.Debug|Any CPU.Build.0 = Debug|Any CPU
		{81A5EA48-3819-4DA6-A71C-0DC777405DDF}.Release|Any CPU.ActiveCfg = Release|Any CPU
		{81A5EA48-3819-4DA6-A71C-0DC777405DDF}.Release|Any CPU.Build.0 = Release|Any CPU
	EndGlobalSection
EndGlobal
