
Microsoft Visual Studio Solution File, Format Version 12.00
# Visual Studio Version 17
VisualStudioVersion = 17.8.34004.107
MinimumVisualStudioVersion = 10.0.40219.1
Project("{9A19103F-16F7-4668-BE54-9A1E7A4F7556}") = "Benchmark", "Benchmark.csproj", "{F916A58F-7F73-4B85-B495-6B2C72DE0F14}"
EndProject
Global
	GlobalSection(SolutionConfigurationPlatforms) = preSolution
		Debug|Any CPU = Debug|Any CPU
		Release|Any CPU = Release|Any CPU
	EndGlobalSection
	GlobalSection(ProjectConfigurationPlatforms) = postSolution
		{F916A58F-7F73-4B85-B495-6B2C72DE0F14}.Debug|Any CPU.ActiveCfg = Debug|Any CPU
		{F916A58F-7F73-4B85-B495-6B2C72DE0F14}.Debug|Any CPU.Build.0 = Debug|Any CPU
		{F916A58F-7F73-4B85-B495-6B2C72DE0F14}.Release|Any CPU.ActiveCfg = Release|Any CPU
		{F916A58F-7F73-4B85-B495-6B2C72DE0F14}.Release|Any CPU.Build.0 = Release|Any CPU
	EndGlobalSection
	GlobalSection(SolutionProperties) = preSolution
		HideSolutionNode = FALSE
	EndGlobalSection
	GlobalSection(ExtensibilityGlobals) = postSolution
		SolutionGuid = {15D81D8D-1C3C-4554-8D80-B9B385A2CB2C}
	EndGlobalSection
EndGlobal
