Microsoft Visual Studio Solution File, Format Version 12.00
Project("{9A19103F-16F7-4668-BE54-9A1E7A4F7556}") = "Benchmark", "Benchmark.csproj", "{F2D2AD37-A858-4511-9B3A-0E9C29AFB64E}"
EndProject
Project("{9A19103F-16F7-4668-BE54-9A1E7A4F7556}") = "TestLib", "..\TestLib\TestLib.csproj", "{BD0E6BA8-BFA0-408F-926F-BA2DDD6AEE1F}"
EndProject
Global
	GlobalSection(SolutionConfigurationPlatforms) = preSolution
		Debug|Any CPU = Debug|Any CPU
		Release|Any CPU = Release|Any CPU
	EndGlobalSection
	GlobalSection(ProjectConfigurationPlatforms) = postSolution
		{F2D2AD37-A858-4511-9B3A-0E9C29AFB64E}.Debug|Any CPU.ActiveCfg = Debug|Any CPU
		{F2D2AD37-A858-4511-9B3A-0E9C29AFB64E}.Debug|Any CPU.Build.0 = Debug|Any CPU
		{F2D2AD37-A858-4511-9B3A-0E9C29AFB64E}.Release|Any CPU.ActiveCfg = Release|Any CPU
		{F2D2AD37-A858-4511-9B3A-0E9C29AFB64E}.Release|Any CPU.Build.0 = Release|Any CPU
		{BD0E6BA8-BFA0-408F-926F-BA2DDD6AEE1F}.Debug|Any CPU.ActiveCfg = Debug|Any CPU
		{BD0E6BA8-BFA0-408F-926F-BA2DDD6AEE1F}.Debug|Any CPU.Build.0 = Debug|Any CPU
		{BD0E6BA8-BFA0-408F-926F-BA2DDD6AEE1F}.Release|Any CPU.ActiveCfg = Release|Any CPU
		{BD0E6BA8-BFA0-408F-926F-BA2DDD6AEE1F}.Release|Any CPU.Build.0 = Release|Any CPU
	EndGlobalSection
	GlobalSection(SolutionProperties) = preSolution
		HideSolutionNode = FALSE
	EndGlobalSection
	GlobalSection(ExtensibilityGlobals) = postSolution
		SolutionGuid = {2CEEBCED-515A-4640-8F29-AF523745F889}
	EndGlobalSection
EndGlobal
