
Microsoft Visual Studio Solution File, Format Version 12.00
# Visual Studio Version 17
VisualStudioVersion = 17.5.33103.201
MinimumVisualStudioVersion = 10.0.40219.1
Project("{9A19103F-16F7-4668-BE54-9A1E7A4F7556}") = "Benchmark", "Benchmark.csproj", "{592E52B8-5D69-4B16-8365-3A5B9AE41AAD}"
EndProject
Global
	GlobalSection(SolutionConfigurationPlatforms) = preSolution
		Debug|Any CPU = Debug|Any CPU
		Release|Any CPU = Release|Any CPU
	EndGlobalSection
	GlobalSection(ProjectConfigurationPlatforms) = postSolution
		{592E52B8-5D69-4B16-8365-3A5B9AE41AAD}.Debug|Any CPU.ActiveCfg = Debug|Any CPU
		{592E52B8-5D69-4B16-8365-3A5B9AE41AAD}.Debug|Any CPU.Build.0 = Debug|Any CPU
		{592E52B8-5D69-4B16-8365-3A5B9AE41AAD}.Release|Any CPU.ActiveCfg = Release|Any CPU
		{592E52B8-5D69-4B16-8365-3A5B9AE41AAD}.Release|Any CPU.Build.0 = Release|Any CPU
	EndGlobalSection
	GlobalSection(SolutionProperties) = preSolution
		HideSolutionNode = FALSE
	EndGlobalSection
	GlobalSection(ExtensibilityGlobals) = postSolution
		SolutionGuid = {E83350F3-99DF-4218-A544-7E3791B6A4BD}
	EndGlobalSection
EndGlobal
