
Microsoft Visual Studio Solution File, Format Version 12.00
# Visual Studio Version 17
VisualStudioVersion = 17.0.31903.59
MinimumVisualStudioVersion = 10.0.40219.1
Project("{FAE04EC0-301F-11D3-BF4B-00C04F79EFBC}") = "Benchmark", "Benchmark.csproj", "{A083A479-F1F8-4803-8B5A-20B941FA7BBC}"
EndProject
Global
	GlobalSection(SolutionConfigurationPlatforms) = preSolution
		Debug|Any CPU = Debug|Any CPU
		Release|Any CPU = Release|Any CPU
	EndGlobalSection
	GlobalSection(SolutionProperties) = preSolution
		HideSolutionNode = FALSE
	EndGlobalSection
	GlobalSection(ProjectConfigurationPlatforms) = postSolution
		{A083A479-F1F8-4803-8B5A-20B941FA7BBC}.Debug|Any CPU.ActiveCfg = Debug|Any CPU
		{A083A479-F1F8-4803-8B5A-20B941FA7BBC}.Debug|Any CPU.Build.0 = Debug|Any CPU
		{A083A479-F1F8-4803-8B5A-20B941FA7BBC}.Release|Any CPU.ActiveCfg = Release|Any CPU
		{A083A479-F1F8-4803-8B5A-20B941FA7BBC}.Release|Any CPU.Build.0 = Release|Any CPU
	EndGlobalSection
EndGlobal
