
Microsoft Visual Studio Solution File, Format Version 12.00
# Visual Studio Version 17
VisualStudioVersion = 17.10.34607.79
MinimumVisualStudioVersion = 10.0.40219.1
Project("{9A19103F-16F7-4668-BE54-9A1E7A4F7556}") = "Benchmark", "Benchmark.csproj", "{28A847DA-09D2-4EE0-994F-88EDBBD20AC4}"
EndProject
Global
	GlobalSection(SolutionConfigurationPlatforms) = preSolution
		Debug|Any CPU = Debug|Any CPU
		Release|Any CPU = Release|Any CPU
	EndGlobalSection
	GlobalSection(ProjectConfigurationPlatforms) = postSolution
		{28A847DA-09D2-4EE0-994F-88EDBBD20AC4}.Debug|Any CPU.ActiveCfg = Debug|Any CPU
		{28A847DA-09D2-4EE0-994F-88EDBBD20AC4}.Debug|Any CPU.Build.0 = Debug|Any CPU
		{28A847DA-09D2-4EE0-994F-88EDBBD20AC4}.Release|Any CPU.ActiveCfg = Release|Any CPU
		{28A847DA-09D2-4EE0-994F-88EDBBD20AC4}.Release|Any CPU.Build.0 = Release|Any CPU
	EndGlobalSection
	GlobalSection(SolutionProperties) = preSolution
		HideSolutionNode = FALSE
	EndGlobalSection
	GlobalSection(ExtensibilityGlobals) = postSolution
		SolutionGuid = {323381A9-4724-4E13-B214-BB0E09AE1849}
	EndGlobalSection
EndGlobal
