Microsoft Visual Studio Solution File, Format Version 12.00
Project("{9A19103F-16F7-4668-BE54-9A1E7A4F7556}") = "Benchmark", "Benchmark.csproj", "{CCDA177F-41D9-4E9B-A11D-9B52351D8867}"
EndProject
Global
	GlobalSection(SolutionConfigurationPlatforms) = preSolution
		Debug|Any CPU = Debug|Any CPU
		Release|Any CPU = Release|Any CPU
	EndGlobalSection
	GlobalSection(ProjectConfigurationPlatforms) = postSolution
		{CCDA177F-41D9-4E9B-A11D-9B52351D8867}.Debug|Any CPU.ActiveCfg = Debug|Any CPU
		{CCDA177F-41D9-4E9B-A11D-9B52351D8867}.Debug|Any CPU.Build.0 = Debug|Any CPU
		{CCDA177F-41D9-4E9B-A11D-9B52351D8867}.Release|Any CPU.ActiveCfg = Release|Any CPU
		{CCDA177F-41D9-4E9B-A11D-9B52351D8867}.Release|Any CPU.Build.0 = Release|Any CPU
	EndGlobalSection
	GlobalSection(SolutionProperties) = preSolution
		HideSolutionNode = FALSE
	EndGlobalSection
	GlobalSection(ExtensibilityGlobals) = postSolution
		SolutionGuid = {B09E312C-C222-4899-B7A3-3C173E484549}
	EndGlobalSection
EndGlobal
