
Microsoft Visual Studio Solution File, Format Version 12.00
# Visual Studio Version 17
VisualStudioVersion = 17.11.34929.205
MinimumVisualStudioVersion = 10.0.40219.1
Project("{9A19103F-16F7-4668-BE54-9A1E7A4F7556}") = "Benchmark", "Benchmark.csproj", "{CC02E9F8-DB89-466D-B84A-EB3877602082}"
EndProject
Global
	GlobalSection(SolutionConfigurationPlatforms) = preSolution
		Debug|Any CPU = Debug|Any CPU
		Release|Any CPU = Release|Any CPU
	EndGlobalSection
	GlobalSection(ProjectConfigurationPlatforms) = postSolution
		{CC02E9F8-DB89-466D-B84A-EB3877602082}.Debug|Any CPU.ActiveCfg = Debug|Any CPU
		{CC02E9F8-DB89-466D-B84A-EB3877602082}.Debug|Any CPU.Build.0 = Debug|Any CPU
		{CC02E9F8-DB89-466D-B84A-EB3877602082}.Release|Any CPU.ActiveCfg = Release|Any CPU
		{CC02E9F8-DB89-466D-B84A-EB3877602082}.Release|Any CPU.Build.0 = Release|Any CPU
	EndGlobalSection
	GlobalSection(SolutionProperties) = preSolution
		HideSolutionNode = FALSE
	EndGlobalSection
	GlobalSection(ExtensibilityGlobals) = postSolution
		SolutionGuid = {D0AA9D16-B0CA-479B-A561-FD27A7E841C9}
	EndGlobalSection
EndGlobal
