Microsoft Visual Studio Solution File, Format Version 12.00
Project("{9A19103F-16F7-4668-BE54-9A1E7A4F7556}") = "Benchmark", "Benchmark.csproj", "{275AD021-B9EF-4290-855F-9C06748B60A4}"
EndProject
Global
	GlobalSection(SolutionConfigurationPlatforms) = preSolution
		Debug|Any CPU = Debug|Any CPU
		Release|Any CPU = Release|Any CPU
	EndGlobalSection
	GlobalSection(ProjectConfigurationPlatforms) = postSolution
		{275AD021-B9EF-4290-855F-9C06748B60A4}.Debug|Any CPU.ActiveCfg = Debug|Any CPU
		{275AD021-B9EF-4290-855F-9C06748B60A4}.Debug|Any CPU.Build.0 = Debug|Any CPU
		{275AD021-B9EF-4290-855F-9C06748B60A4}.Release|Any CPU.ActiveCfg = Release|Any CPU
		{275AD021-B9EF-4290-855F-9C06748B60A4}.Release|Any CPU.Build.0 = Release|Any CPU
	EndGlobalSection
	GlobalSection(SolutionProperties) = preSolution
		HideSolutionNode = FALSE
	EndGlobalSection
	GlobalSection(ExtensibilityGlobals) = postSolution
		SolutionGuid = {1999E75C-1B06-43DC-95AE-0F0AE4D31A31}
	EndGlobalSection
EndGlobal
