Microsoft Visual Studio Solution File, Format Version 12.00
Project("{9A19103F-16F7-4668-BE54-9A1E7A4F7556}") = "Benchmark", "Benchmark.csproj", "{432780CD-8B71-4959-8742-3262F4A1A5BC}"
EndProject
Global
	GlobalSection(SolutionConfigurationPlatforms) = preSolution
		Debug|Any CPU = Debug|Any CPU
		Release|Any CPU = Release|Any CPU
	EndGlobalSection
	GlobalSection(ProjectConfigurationPlatforms) = postSolution
		{432780CD-8B71-4959-8742-3262F4A1A5BC}.Debug|Any CPU.ActiveCfg = Debug|Any CPU
		{432780CD-8B71-4959-8742-3262F4A1A5BC}.Debug|Any CPU.Build.0 = Debug|Any CPU
		{432780CD-8B71-4959-8742-3262F4A1A5BC}.Release|Any CPU.ActiveCfg = Release|Any CPU
		{432780CD-8B71-4959-8742-3262F4A1A5BC}.Release|Any CPU.Build.0 = Release|Any CPU
	EndGlobalSection
	GlobalSection(SolutionProperties) = preSolution
		HideSolutionNode = FALSE
	EndGlobalSection
	GlobalSection(ExtensibilityGlobals) = postSolution
		SolutionGuid = {7F015211-5BED-43C9-8877-1CD2B23103C0}
	EndGlobalSection
EndGlobal
