Microsoft Visual Studio Solution File, Format Version 12.00
Project("{9A19103F-16F7-4668-BE54-9A1E7A4F7556}") = "Benchmark", "Benchmark.csproj", "{CA18DB21-176D-4268-872E-97367BF82675}"
EndProject
Global
	GlobalSection(SolutionConfigurationPlatforms) = preSolution
		Debug|Any CPU = Debug|Any CPU
		Release|Any CPU = Release|Any CPU
	EndGlobalSection
	GlobalSection(ProjectConfigurationPlatforms) = postSolution
		{CA18DB21-176D-4268-872E-97367BF82675}.Debug|Any CPU.ActiveCfg = Debug|Any CPU
		{CA18DB21-176D-4268-872E-97367BF82675}.Debug|Any CPU.Build.0 = Debug|Any CPU
		{CA18DB21-176D-4268-872E-97367BF82675}.Release|Any CPU.ActiveCfg = Release|Any CPU
		{CA18DB21-176D-4268-872E-97367BF82675}.Release|Any CPU.Build.0 = Release|Any CPU
	EndGlobalSection
	GlobalSection(SolutionProperties) = preSolution
		HideSolutionNode = FALSE
	EndGlobalSection
	GlobalSection(ExtensibilityGlobals) = postSolution
		SolutionGuid = {3D93CE1B-93EC-4DED-99D0-38780597C7E0}
	EndGlobalSection
EndGlobal
