
Microsoft Visual Studio Solution File, Format Version 12.00
# Visual Studio Version 17
VisualStudioVersion = 17.5.33103.201
MinimumVisualStudioVersion = 10.0.40219.1
Project("{9A19103F-16F7-4668-BE54-9A1E7A4F7556}") = "Benchmark", "Benchmark.csproj", "{428153BB-D543-4A76-A7D9-2B992099FC4A}"
EndProject
Global
	GlobalSection(SolutionConfigurationPlatforms) = preSolution
		Debug|Any CPU = Debug|Any CPU
		Release|Any CPU = Release|Any CPU
	EndGlobalSection
	GlobalSection(ProjectConfigurationPlatforms) = postSolution
		{428153BB-D543-4A76-A7D9-2B992099FC4A}.Debug|Any CPU.ActiveCfg = Debug|Any CPU
		{428153BB-D543-4A76-A7D9-2B992099FC4A}.Debug|Any CPU.Build.0 = Debug|Any CPU
		{428153BB-D543-4A76-A7D9-2B992099FC4A}.Release|Any CPU.ActiveCfg = Release|Any CPU
		{428153BB-D543-4A76-A7D9-2B992099FC4A}.Release|Any CPU.Build.0 = Release|Any CPU
	EndGlobalSection
	GlobalSection(SolutionProperties) = preSolution
		HideSolutionNode = FALSE
	EndGlobalSection
	GlobalSection(ExtensibilityGlobals) = postSolution
		SolutionGuid = {965CFBFA-85D0-468F-AEDF-15CA28299FD0}
	EndGlobalSection
EndGlobal
