
Microsoft Visual Studio Solution File, Format Version 12.00
# Visual Studio Version 17
VisualStudioVersion = 17.10.34607.79
MinimumVisualStudioVersion = 10.0.40219.1
Project("{9A19103F-16F7-4668-BE54-9A1E7A4F7556}") = "Benchmark", "Benchmark.csproj", "{D2B349F4-9AD5-460B-9760-16A006E82EF9}"
EndProject
Global
	GlobalSection(SolutionConfigurationPlatforms) = preSolution
		Debug|Any CPU = Debug|Any CPU
		Release|Any CPU = Release|Any CPU
	EndGlobalSection
	GlobalSection(ProjectConfigurationPlatforms) = postSolution
		{D2B349F4-9AD5-460B-9760-16A006E82EF9}.Debug|Any CPU.ActiveCfg = Debug|Any CPU
		{D2B349F4-9AD5-460B-9760-16A006E82EF9}.Debug|Any CPU.Build.0 = Debug|Any CPU
		{D2B349F4-9AD5-460B-9760-16A006E82EF9}.Release|Any CPU.ActiveCfg = Release|Any CPU
		{D2B349F4-9AD5-460B-9760-16A006E82EF9}.Release|Any CPU.Build.0 = Release|Any CPU
	EndGlobalSection
	GlobalSection(SolutionProperties) = preSolution
		HideSolutionNode = FALSE
	EndGlobalSection
	GlobalSection(ExtensibilityGlobals) = postSolution
		SolutionGuid = {68BAFE15-D330-4E29-864C-4C57EBD04049}
	EndGlobalSection
EndGlobal
