
Microsoft Visual Studio Solution File, Format Version 12.00
# Visual Studio Version 17
VisualStudioVersion = 17.11.34929.205
MinimumVisualStudioVersion = 10.0.40219.1
Project("{9A19103F-16F7-4668-BE54-9A1E7A4F7556}") = "Benchmark", "Benchmark.csproj", "{C76D27C5-5B25-400D-AACF-48E4170AF2CF}"
EndProject
Global
	GlobalSection(SolutionConfigurationPlatforms) = preSolution
		Debug|Any CPU = Debug|Any CPU
		Release|Any CPU = Release|Any CPU
	EndGlobalSection
	GlobalSection(ProjectConfigurationPlatforms) = postSolution
		{C76D27C5-5B25-400D-AACF-48E4170AF2CF}.Debug|Any CPU.ActiveCfg = Debug|Any CPU
		{C76D27C5-5B25-400D-AACF-48E4170AF2CF}.Debug|Any CPU.Build.0 = Debug|Any CPU
		{C76D27C5-5B25-400D-AACF-48E4170AF2CF}.Release|Any CPU.ActiveCfg = Release|Any CPU
		{C76D27C5-5B25-400D-AACF-48E4170AF2CF}.Release|Any CPU.Build.0 = Release|Any CPU
	EndGlobalSection
	GlobalSection(SolutionProperties) = preSolution
		HideSolutionNode = FALSE
	EndGlobalSection
	GlobalSection(ExtensibilityGlobals) = postSolution
		SolutionGuid = {4B7A4E39-CB13-4A28-9895-477F6611E89C}
	EndGlobalSection
EndGlobal
