
Microsoft Visual Studio Solution File, Format Version 12.00
# Visual Studio Version 17
VisualStudioVersion = 17.11.34929.205
MinimumVisualStudioVersion = 10.0.40219.1
Project("{9A19103F-16F7-4668-BE54-9A1E7A4F7556}") = "Benchmark", "Benchmark.csproj", "{37A11CD8-A494-4DDA-90EC-A6F2B0EF6FB6}"
EndProject
Global
	GlobalSection(SolutionConfigurationPlatforms) = preSolution
		Debug|Any CPU = Debug|Any CPU
		Release|Any CPU = Release|Any CPU
	EndGlobalSection
	GlobalSection(ProjectConfigurationPlatforms) = postSolution
		{37A11CD8-A494-4DDA-90EC-A6F2B0EF6FB6}.Debug|Any CPU.ActiveCfg = Debug|Any CPU
		{37A11CD8-A494-4DDA-90EC-A6F2B0EF6FB6}.Debug|Any CPU.Build.0 = Debug|Any CPU
		{37A11CD8-A494-4DDA-90EC-A6F2B0EF6FB6}.Release|Any CPU.ActiveCfg = Release|Any CPU
		{37A11CD8-A494-4DDA-90EC-A6F2B0EF6FB6}.Release|Any CPU.Build.0 = Release|Any CPU
	EndGlobalSection
	GlobalSection(SolutionProperties) = preSolution
		HideSolutionNode = FALSE
	EndGlobalSection
	GlobalSection(ExtensibilityGlobals) = postSolution
		SolutionGuid = {E6BB0DAD-B575-4905-B559-0B7E6DEE97F4}
	EndGlobalSection
EndGlobal
