Microsoft Visual Studio Solution File, Format Version 12.00
Project("{9A19103F-16F7-4668-BE54-9A1E7A4F7556}") = "Benchmark", "Benchmark.csproj", "{DFDBD1C1-9D18-4ADB-8FEF-767216F5875C}"
EndProject
Global
	GlobalSection(SolutionConfigurationPlatforms) = preSolution
		Debug|Any CPU = Debug|Any CPU
		Release|Any CPU = Release|Any CPU
	EndGlobalSection
	GlobalSection(ProjectConfigurationPlatforms) = postSolution
		{DFDBD1C1-9D18-4ADB-8FEF-767216F5875C}.Debug|Any CPU.ActiveCfg = Debug|Any CPU
		{DFDBD1C1-9D18-4ADB-8FEF-767216F5875C}.Debug|Any CPU.Build.0 = Debug|Any CPU
		{DFDBD1C1-9D18-4ADB-8FEF-767216F5875C}.Release|Any CPU.ActiveCfg = Release|Any CPU
		{DFDBD1C1-9D18-4ADB-8FEF-767216F5875C}.Release|Any CPU.Build.0 = Release|Any CPU
	EndGlobalSection
	GlobalSection(SolutionProperties) = preSolution
		HideSolutionNode = FALSE
	EndGlobalSection
	GlobalSection(ExtensibilityGlobals) = postSolution
		SolutionGuid = {A807F60D-07DA-474D-8C13-0EE11FB434D6}
	EndGlobalSection
EndGlobal
