Microsoft Visual Studio Solution File, Format Version 12.00
Project("{9A19103F-16F7-4668-BE54-9A1E7A4F7556}") = "Benchmark", "Benchmark.csproj", "{82C9E1C6-D8EB-4D64-9360-E3852951DB47}"
EndProject
Global
	GlobalSection(SolutionConfigurationPlatforms) = preSolution
		Debug|Any CPU = Debug|Any CPU
		Release|Any CPU = Release|Any CPU
	EndGlobalSection
	GlobalSection(ProjectConfigurationPlatforms) = postSolution
		{82C9E1C6-D8EB-4D64-9360-E3852951DB47}.Debug|Any CPU.ActiveCfg = Debug|Any CPU
		{82C9E1C6-D8EB-4D64-9360-E3852951DB47}.Debug|Any CPU.Build.0 = Debug|Any CPU
		{82C9E1C6-D8EB-4D64-9360-E3852951DB47}.Release|Any CPU.ActiveCfg = Release|Any CPU
		{82C9E1C6-D8EB-4D64-9360-E3852951DB47}.Release|Any CPU.Build.0 = Release|Any CPU
	EndGlobalSection
	GlobalSection(SolutionProperties) = preSolution
		HideSolutionNode = FALSE
	EndGlobalSection
	GlobalSection(ExtensibilityGlobals) = postSolution
		SolutionGuid = {5C33168A-514B-4E32-812E-4075F337A688}
	EndGlobalSection
EndGlobal
